
Microsoft Visual Studio Solution File, Format Version 12.00
# Visual Studio Version 17
VisualStudioVersion = 17.0.31903.59
MinimumVisualStudioVersion = 10.0.40219.1
Project("{FAE04EC0-301F-11D3-BF4B-00C04F79EFBC}") = "Soboty_s_technikou", "Soboty_s_technikou\Soboty_s_technikou.csproj", "{050E32B0-BC1E-437E-88D7-83FDEADCA495}"
EndProject
Global
	GlobalSection(SolutionConfigurationPlatforms) = preSolution
		Debug|Any CPU = Debug|Any CPU
		Release|Any CPU = Release|Any CPU
	EndGlobalSection
	GlobalSection(ProjectConfigurationPlatforms) = postSolution
		{050E32B0-BC1E-437E-88D7-83FDEADCA495}.Debug|Any CPU.ActiveCfg = Debug|Any CPU
		{050E32B0-BC1E-437E-88D7-83FDEADCA495}.Debug|Any CPU.Build.0 = Debug|Any CPU
		{050E32B0-BC1E-437E-88D7-83FDEADCA495}.Release|Any CPU.ActiveCfg = Release|Any CPU
		{050E32B0-BC1E-437E-88D7-83FDEADCA495}.Release|Any CPU.Build.0 = Release|Any CPU
	EndGlobalSection
	GlobalSection(SolutionProperties) = preSolution
		HideSolutionNode = FALSE
	EndGlobalSection
	GlobalSection(ExtensibilityGlobals) = postSolution
		SolutionGuid = {766E9567-9D80-4433-B4A1-AE94528FE4F8}
	EndGlobalSection
EndGlobal
