
Microsoft Visual Studio Solution File, Format Version 12.00
# Visual Studio Version 17
VisualStudioVersion = 17.0.31919.166
MinimumVisualStudioVersion = 10.0.40219.1
Project("{FAE04EC0-301F-11D3-BF4B-00C04F79EFBC}") = "SobotySTechnikou", "SobotySTechnikou\SobotySTechnikou.csproj", "{56B09FB6-A9D7-4E1A-9DAF-5D5331FD7AF5}"
EndProject
Global
	GlobalSection(SolutionConfigurationPlatforms) = preSolution
		Debug|Any CPU = Debug|Any CPU
		Release|Any CPU = Release|Any CPU
	EndGlobalSection
	GlobalSection(ProjectConfigurationPlatforms) = postSolution
		{56B09FB6-A9D7-4E1A-9DAF-5D5331FD7AF5}.Debug|Any CPU.ActiveCfg = Debug|Any CPU
		{56B09FB6-A9D7-4E1A-9DAF-5D5331FD7AF5}.Debug|Any CPU.Build.0 = Debug|Any CPU
		{56B09FB6-A9D7-4E1A-9DAF-5D5331FD7AF5}.Release|Any CPU.ActiveCfg = Release|Any CPU
		{56B09FB6-A9D7-4E1A-9DAF-5D5331FD7AF5}.Release|Any CPU.Build.0 = Release|Any CPU
	EndGlobalSection
	GlobalSection(SolutionProperties) = preSolution
		HideSolutionNode = FALSE
	EndGlobalSection
	GlobalSection(ExtensibilityGlobals) = postSolution
		SolutionGuid = {032C392F-3DFA-4B8E-8894-0D9F39764CA1}
	EndGlobalSection
EndGlobal
